
Microsoft Visual Studio Solution File, Format Version 12.00
# Visual Studio Version 17
VisualStudioVersion = 17.3.32922.545
MinimumVisualStudioVersion = 10.0.40219.1
Project("{FAE04EC0-301F-11D3-BF4B-00C04F79EFBC}") = "Cap 2 ejer 2.04", "Cap 2 ejer 2.04\Cap 2 ejer 2.04.csproj", "{284949CA-2DCC-41DC-A976-6A303E424831}"
EndProject
Project("{FAE04EC0-301F-11D3-BF4B-00C04F79EFBC}") = "Cap 2 ejer 2.15", "Cap 2 ejer 2.15\Cap 2 ejer 2.15.csproj", "{AD975B30-13D2-4659-8EE3-AF356BADC989}"
EndProject
Project("{FAE04EC0-301F-11D3-BF4B-00C04F79EFBC}") = "Cap 2 ejer 2.16", "Cap 2 ejer 2.16\Cap 2 ejer 2.16.csproj", "{0EC3C64A-4544-4E0E-8D6C-3087A5BA6629}"
EndProject
Project("{FAE04EC0-301F-11D3-BF4B-00C04F79EFBC}") = "Cap 2 ejer 2.17", "Cap 2 ejer 2.17\Cap 2 ejer 2.17.csproj", "{D9ABB16D-817E-4C3F-A68E-AEA6265123BA}"
EndProject
Project("{FAE04EC0-301F-11D3-BF4B-00C04F79EFBC}") = "Cap 3 ejer 3.5", "Cap 3 ejer 3.5\Cap 3 ejer 3.5.csproj", "{8EAE639E-8CB3-4A4B-A903-872FB2A43123}"
EndProject
Project("{FAE04EC0-301F-11D3-BF4B-00C04F79EFBC}") = "Cap 4 ejer 4.5", "Cap 4 ejer 4.5\Cap 4 ejer 4.5.csproj", "{5BECC951-ABB6-4B66-A199-BF0DB08CB23E}"
EndProject
Project("{FAE04EC0-301F-11D3-BF4B-00C04F79EFBC}") = "Cap 4 ejer 4.7", "Cap 4 ejer 4.7\Cap 4 ejer 4.7.csproj", "{17C67351-C148-4C02-8EC6-F2CDBB33E9CE}"
EndProject
Project("{FAE04EC0-301F-11D3-BF4B-00C04F79EFBC}") = "Cap 4 ejer 4.9", "Cap 4 ejer 4.9\Cap 4 ejer 4.9.csproj", "{54344507-3BD6-4A91-9DC4-25A2EFAFD7E8}"
EndProject
Project("{FAE04EC0-301F-11D3-BF4B-00C04F79EFBC}") = "Cap 5 ejer 5.17", "Cap 5 ejer 5.17\Cap 5 ejer 5.17.csproj", "{03F58B40-5146-4039-9FCB-2CA8EFAFA9DB}"
EndProject
Project("{FAE04EC0-301F-11D3-BF4B-00C04F79EFBC}") = "Ejem 2.05", "Ejem 2.05\Ejem 2.05.csproj", "{47F81012-529B-4A2B-8302-AE84A2EFDBB7}"
EndProject
Project("{FAE04EC0-301F-11D3-BF4B-00C04F79EFBC}") = "Ejem 2.07", "Ejem 2.07\Ejem 2.07.csproj", "{31B8CCB9-55AB-4734-938D-0DD7E3FAFB96}"
EndProject
Project("{FAE04EC0-301F-11D3-BF4B-00C04F79EFBC}") = "Ejem 2.09", "Ejem 2.09\Ejem 2.09.csproj", "{44751FB9-2F49-4840-B735-7ECDA48F60B7}"
EndProject
Project("{FAE04EC0-301F-11D3-BF4B-00C04F79EFBC}") = "Ejem 2.10", "Ejem 2.10\Ejem 2.10.csproj", "{5EE26A88-66BF-4654-84F4-49EB1A3EC630}"
EndProject
Project("{FAE04EC0-301F-11D3-BF4B-00C04F79EFBC}") = "Ejem 2.11", "Ejem 2.11\Ejem 2.11.csproj", "{B190D9DF-A4B7-49E3-A63D-819AA5B3FDA9}"
EndProject
Project("{FAE04EC0-301F-11D3-BF4B-00C04F79EFBC}") = "Ejem 3.01", "Ejem 3.01\Ejem 3.01.csproj", "{E35B64F9-D0C7-4ADC-9E03-0BA968117C00}"
EndProject
Project("{FAE04EC0-301F-11D3-BF4B-00C04F79EFBC}") = "Ejem 3.02", "Ejem 3.02\Ejem 3.02.csproj", "{0A6EDB63-6FAD-423E-9681-535A5CEAE4FF}"
EndProject
Project("{FAE04EC0-301F-11D3-BF4B-00C04F79EFBC}") = "Ejem 3.03", "Ejem 3.03\Ejem 3.03.csproj", "{52911659-909D-4582-B4C7-F74D2D5CA8FA}"
EndProject
Project("{FAE04EC0-301F-11D3-BF4B-00C04F79EFBC}") = "Ejem 3.04", "Ejem 3.04\Ejem 3.04.csproj", "{5A27C24B-01BA-4F92-BC66-41865CF462F2}"
EndProject
Project("{FAE04EC0-301F-11D3-BF4B-00C04F79EFBC}") = "Ejem 3.05", "Ejem 3.05\Ejem 3.05.csproj", "{641CDDB8-D432-4DE1-9083-1B026EECA8F8}"
EndProject
Project("{FAE04EC0-301F-11D3-BF4B-00C04F79EFBC}") = "Ejem 3.06", "Ejem 3.06\Ejem 3.06.csproj", "{04E44620-6D5D-4644-B964-ED14E0CB704F}"
EndProject
Project("{FAE04EC0-301F-11D3-BF4B-00C04F79EFBC}") = "Ejem 3.07", "Ejem 3.07\Ejem 3.07.csproj", "{F0F52571-21A6-48B6-BC7B-BC42DD3106A0}"
EndProject
Project("{FAE04EC0-301F-11D3-BF4B-00C04F79EFBC}") = "Ejem 3.09", "Ejem 3.09\Ejem 3.09.csproj", "{5012C4B1-6DBF-4560-A3D5-BE95969BD3EA}"
EndProject
Project("{FAE04EC0-301F-11D3-BF4B-00C04F79EFBC}") = "Ejem 3.12", "Ejem 3.12\Ejem 3.12.csproj", "{4E79D3CE-C6BC-4DA4-8627-5330D384CAD5}"
EndProject
Project("{FAE04EC0-301F-11D3-BF4B-00C04F79EFBC}") = "Ejem 4.01", "Ejem 4.01\Ejem 4.01.csproj", "{DAFE4CC5-1B10-4183-B5BA-6E69129C1A31}"
EndProject
Project("{FAE04EC0-301F-11D3-BF4B-00C04F79EFBC}") = "Ejem 4.4", "Ejem 4.4\Ejem 4.4.csproj", "{DDE4E243-D18A-42A6-B853-67367BFB2493}"
EndProject
Project("{FAE04EC0-301F-11D3-BF4B-00C04F79EFBC}") = "Ejem 4.5", "Ejem 4.5\Ejem 4.5.csproj", "{5C8256E9-86F4-49B0-AEFB-2D70E41EE996}"
EndProject
Project("{FAE04EC0-301F-11D3-BF4B-00C04F79EFBC}") = "Ejem 4.6", "Ejem 4.6\Ejem 4.6.csproj", "{D64BD318-B856-4C2D-ABF2-96211F02C8FD}"
EndProject
Global
	GlobalSection(SolutionConfigurationPlatforms) = preSolution
		Debug|Any CPU = Debug|Any CPU
		Release|Any CPU = Release|Any CPU
	EndGlobalSection
	GlobalSection(ProjectConfigurationPlatforms) = postSolution
		{284949CA-2DCC-41DC-A976-6A303E424831}.Debug|Any CPU.ActiveCfg = Debug|Any CPU
		{284949CA-2DCC-41DC-A976-6A303E424831}.Debug|Any CPU.Build.0 = Debug|Any CPU
		{284949CA-2DCC-41DC-A976-6A303E424831}.Release|Any CPU.ActiveCfg = Release|Any CPU
		{284949CA-2DCC-41DC-A976-6A303E424831}.Release|Any CPU.Build.0 = Release|Any CPU
		{AD975B30-13D2-4659-8EE3-AF356BADC989}.Debug|Any CPU.ActiveCfg = Debug|Any CPU
		{AD975B30-13D2-4659-8EE3-AF356BADC989}.Debug|Any CPU.Build.0 = Debug|Any CPU
		{AD975B30-13D2-4659-8EE3-AF356BADC989}.Release|Any CPU.ActiveCfg = Release|Any CPU
		{AD975B30-13D2-4659-8EE3-AF356BADC989}.Release|Any CPU.Build.0 = Release|Any CPU
		{0EC3C64A-4544-4E0E-8D6C-3087A5BA6629}.Debug|Any CPU.ActiveCfg = Debug|Any CPU
		{0EC3C64A-4544-4E0E-8D6C-3087A5BA6629}.Debug|Any CPU.Build.0 = Debug|Any CPU
		{0EC3C64A-4544-4E0E-8D6C-3087A5BA6629}.Release|Any CPU.ActiveCfg = Release|Any CPU
		{0EC3C64A-4544-4E0E-8D6C-3087A5BA6629}.Release|Any CPU.Build.0 = Release|Any CPU
		{D9ABB16D-817E-4C3F-A68E-AEA6265123BA}.Debug|Any CPU.ActiveCfg = Debug|Any CPU
		{D9ABB16D-817E-4C3F-A68E-AEA6265123BA}.Debug|Any CPU.Build.0 = Debug|Any CPU
		{D9ABB16D-817E-4C3F-A68E-AEA6265123BA}.Release|Any CPU.ActiveCfg = Release|Any CPU
		{D9ABB16D-817E-4C3F-A68E-AEA6265123BA}.Release|Any CPU.Build.0 = Release|Any CPU
		{8EAE639E-8CB3-4A4B-A903-872FB2A43123}.Debug|Any CPU.ActiveCfg = Debug|Any CPU
		{8EAE639E-8CB3-4A4B-A903-872FB2A43123}.Debug|Any CPU.Build.0 = Debug|Any CPU
		{8EAE639E-8CB3-4A4B-A903-872FB2A43123}.Release|Any CPU.ActiveCfg = Release|Any CPU
		{8EAE639E-8CB3-4A4B-A903-872FB2A43123}.Release|Any CPU.Build.0 = Release|Any CPU
		{5BECC951-ABB6-4B66-A199-BF0DB08CB23E}.Debug|Any CPU.ActiveCfg = Debug|Any CPU
		{5BECC951-ABB6-4B66-A199-BF0DB08CB23E}.Debug|Any CPU.Build.0 = Debug|Any CPU
		{5BECC951-ABB6-4B66-A199-BF0DB08CB23E}.Release|Any CPU.ActiveCfg = Release|Any CPU
		{5BECC951-ABB6-4B66-A199-BF0DB08CB23E}.Release|Any CPU.Build.0 = Release|Any CPU
		{17C67351-C148-4C02-8EC6-F2CDBB33E9CE}.Debug|Any CPU.ActiveCfg = Debug|Any CPU
		{17C67351-C148-4C02-8EC6-F2CDBB33E9CE}.Debug|Any CPU.Build.0 = Debug|Any CPU
		{17C67351-C148-4C02-8EC6-F2CDBB33E9CE}.Release|Any CPU.ActiveCfg = Release|Any CPU
		{17C67351-C148-4C02-8EC6-F2CDBB33E9CE}.Release|Any CPU.Build.0 = Release|Any CPU
		{54344507-3BD6-4A91-9DC4-25A2EFAFD7E8}.Debug|Any CPU.ActiveCfg = Debug|Any CPU
		{54344507-3BD6-4A91-9DC4-25A2EFAFD7E8}.Debug|Any CPU.Build.0 = Debug|Any CPU
		{54344507-3BD6-4A91-9DC4-25A2EFAFD7E8}.Release|Any CPU.ActiveCfg = Release|Any CPU
		{54344507-3BD6-4A91-9DC4-25A2EFAFD7E8}.Release|Any CPU.Build.0 = Release|Any CPU
		{03F58B40-5146-4039-9FCB-2CA8EFAFA9DB}.Debug|Any CPU.ActiveCfg = Debug|Any CPU
		{03F58B40-5146-4039-9FCB-2CA8EFAFA9DB}.Debug|Any CPU.Build.0 = Debug|Any CPU
		{03F58B40-5146-4039-9FCB-2CA8EFAFA9DB}.Release|Any CPU.ActiveCfg = Release|Any CPU
		{03F58B40-5146-4039-9FCB-2CA8EFAFA9DB}.Release|Any CPU.Build.0 = Release|Any CPU
		{47F81012-529B-4A2B-8302-AE84A2EFDBB7}.Debug|Any CPU.ActiveCfg = Debug|Any CPU
		{47F81012-529B-4A2B-8302-AE84A2EFDBB7}.Debug|Any CPU.Build.0 = Debug|Any CPU
		{47F81012-529B-4A2B-8302-AE84A2EFDBB7}.Release|Any CPU.ActiveCfg = Release|Any CPU
		{47F81012-529B-4A2B-8302-AE84A2EFDBB7}.Release|Any CPU.Build.0 = Release|Any CPU
		{31B8CCB9-55AB-4734-938D-0DD7E3FAFB96}.Debug|Any CPU.ActiveCfg = Debug|Any CPU
		{31B8CCB9-55AB-4734-938D-0DD7E3FAFB96}.Debug|Any CPU.Build.0 = Debug|Any CPU
		{31B8CCB9-55AB-4734-938D-0DD7E3FAFB96}.Release|Any CPU.ActiveCfg = Release|Any CPU
		{31B8CCB9-55AB-4734-938D-0DD7E3FAFB96}.Release|Any CPU.Build.0 = Release|Any CPU
		{44751FB9-2F49-4840-B735-7ECDA48F60B7}.Debug|Any CPU.ActiveCfg = Debug|Any CPU
		{44751FB9-2F49-4840-B735-7ECDA48F60B7}.Debug|Any CPU.Build.0 = Debug|Any CPU
		{44751FB9-2F49-4840-B735-7ECDA48F60B7}.Release|Any CPU.ActiveCfg = Release|Any CPU
		{44751FB9-2F49-4840-B735-7ECDA48F60B7}.Release|Any CPU.Build.0 = Release|Any CPU
		{5EE26A88-66BF-4654-84F4-49EB1A3EC630}.Debug|Any CPU.ActiveCfg = Debug|Any CPU
		{5EE26A88-66BF-4654-84F4-49EB1A3EC630}.Debug|Any CPU.Build.0 = Debug|Any CPU
		{5EE26A88-66BF-4654-84F4-49EB1A3EC630}.Release|Any CPU.ActiveCfg = Release|Any CPU
		{5EE26A88-66BF-4654-84F4-49EB1A3EC630}.Release|Any CPU.Build.0 = Release|Any CPU
		{B190D9DF-A4B7-49E3-A63D-819AA5B3FDA9}.Debug|Any CPU.ActiveCfg = Debug|Any CPU
		{B190D9DF-A4B7-49E3-A63D-819AA5B3FDA9}.Debug|Any CPU.Build.0 = Debug|Any CPU
		{B190D9DF-A4B7-49E3-A63D-819AA5B3FDA9}.Release|Any CPU.ActiveCfg = Release|Any CPU
		{B190D9DF-A4B7-49E3-A63D-819AA5B3FDA9}.Release|Any CPU.Build.0 = Release|Any CPU
		{E35B64F9-D0C7-4ADC-9E03-0BA968117C00}.Debug|Any CPU.ActiveCfg = Debug|Any CPU
		{E35B64F9-D0C7-4ADC-9E03-0BA968117C00}.Debug|Any CPU.Build.0 = Debug|Any CPU
		{E35B64F9-D0C7-4ADC-9E03-0BA968117C00}.Release|Any CPU.ActiveCfg = Release|Any CPU
		{E35B64F9-D0C7-4ADC-9E03-0BA968117C00}.Release|Any CPU.Build.0 = Release|Any CPU
		{0A6EDB63-6FAD-423E-9681-535A5CEAE4FF}.Debug|Any CPU.ActiveCfg = Debug|Any CPU
		{0A6EDB63-6FAD-423E-9681-535A5CEAE4FF}.Debug|Any CPU.Build.0 = Debug|Any CPU
		{0A6EDB63-6FAD-423E-9681-535A5CEAE4FF}.Release|Any CPU.ActiveCfg = Release|Any CPU
		{0A6EDB63-6FAD-423E-9681-535A5CEAE4FF}.Release|Any CPU.Build.0 = Release|Any CPU
		{52911659-909D-4582-B4C7-F74D2D5CA8FA}.Debug|Any CPU.ActiveCfg = Debug|Any CPU
		{52911659-909D-4582-B4C7-F74D2D5CA8FA}.Debug|Any CPU.Build.0 = Debug|Any CPU
		{52911659-909D-4582-B4C7-F74D2D5CA8FA}.Release|Any CPU.ActiveCfg = Release|Any CPU
		{52911659-909D-4582-B4C7-F74D2D5CA8FA}.Release|Any CPU.Build.0 = Release|Any CPU
		{5A27C24B-01BA-4F92-BC66-41865CF462F2}.Debug|Any CPU.ActiveCfg = Debug|Any CPU
		{5A27C24B-01BA-4F92-BC66-41865CF462F2}.Debug|Any CPU.Build.0 = Debug|Any CPU
		{5A27C24B-01BA-4F92-BC66-41865CF462F2}.Release|Any CPU.ActiveCfg = Release|Any CPU
		{5A27C24B-01BA-4F92-BC66-41865CF462F2}.Release|Any CPU.Build.0 = Release|Any CPU
		{641CDDB8-D432-4DE1-9083-1B026EECA8F8}.Debug|Any CPU.ActiveCfg = Debug|Any CPU
		{641CDDB8-D432-4DE1-9083-1B026EECA8F8}.Debug|Any CPU.Build.0 = Debug|Any CPU
		{641CDDB8-D432-4DE1-9083-1B026EECA8F8}.Release|Any CPU.ActiveCfg = Release|Any CPU
		{641CDDB8-D432-4DE1-9083-1B026EECA8F8}.Release|Any CPU.Build.0 = Release|Any CPU
		{04E44620-6D5D-4644-B964-ED14E0CB704F}.Debug|Any CPU.ActiveCfg = Debug|Any CPU
		{04E44620-6D5D-4644-B964-ED14E0CB704F}.Debug|Any CPU.Build.0 = Debug|Any CPU
		{04E44620-6D5D-4644-B964-ED14E0CB704F}.Release|Any CPU.ActiveCfg = Release|Any CPU
		{04E44620-6D5D-4644-B964-ED14E0CB704F}.Release|Any CPU.Build.0 = Release|Any CPU
		{F0F52571-21A6-48B6-BC7B-BC42DD3106A0}.Debug|Any CPU.ActiveCfg = Debug|Any CPU
		{F0F52571-21A6-48B6-BC7B-BC42DD3106A0}.Debug|Any CPU.Build.0 = Debug|Any CPU
		{F0F52571-21A6-48B6-BC7B-BC42DD3106A0}.Release|Any CPU.ActiveCfg = Release|Any CPU
		{F0F52571-21A6-48B6-BC7B-BC42DD3106A0}.Release|Any CPU.Build.0 = Release|Any CPU
		{5012C4B1-6DBF-4560-A3D5-BE95969BD3EA}.Debug|Any CPU.ActiveCfg = Debug|Any CPU
		{5012C4B1-6DBF-4560-A3D5-BE95969BD3EA}.Debug|Any CPU.Build.0 = Debug|Any CPU
		{5012C4B1-6DBF-4560-A3D5-BE95969BD3EA}.Release|Any CPU.ActiveCfg = Release|Any CPU
		{5012C4B1-6DBF-4560-A3D5-BE95969BD3EA}.Release|Any CPU.Build.0 = Release|Any CPU
		{4E79D3CE-C6BC-4DA4-8627-5330D384CAD5}.Debug|Any CPU.ActiveCfg = Debug|Any CPU
		{4E79D3CE-C6BC-4DA4-8627-5330D384CAD5}.Debug|Any CPU.Build.0 = Debug|Any CPU
		{4E79D3CE-C6BC-4DA4-8627-5330D384CAD5}.Release|Any CPU.ActiveCfg = Release|Any CPU
		{4E79D3CE-C6BC-4DA4-8627-5330D384CAD5}.Release|Any CPU.Build.0 = Release|Any CPU
		{DAFE4CC5-1B10-4183-B5BA-6E69129C1A31}.Debug|Any CPU.ActiveCfg = Debug|Any CPU
		{DAFE4CC5-1B10-4183-B5BA-6E69129C1A31}.Debug|Any CPU.Build.0 = Debug|Any CPU
		{DAFE4CC5-1B10-4183-B5BA-6E69129C1A31}.Release|Any CPU.ActiveCfg = Release|Any CPU
		{DAFE4CC5-1B10-4183-B5BA-6E69129C1A31}.Release|Any CPU.Build.0 = Release|Any CPU
		{DDE4E243-D18A-42A6-B853-67367BFB2493}.Debug|Any CPU.ActiveCfg = Debug|Any CPU
		{DDE4E243-D18A-42A6-B853-67367BFB2493}.Debug|Any CPU.Build.0 = Debug|Any CPU
		{DDE4E243-D18A-42A6-B853-67367BFB2493}.Release|Any CPU.ActiveCfg = Release|Any CPU
		{DDE4E243-D18A-42A6-B853-67367BFB2493}.Release|Any CPU.Build.0 = Release|Any CPU
		{5C8256E9-86F4-49B0-AEFB-2D70E41EE996}.Debug|Any CPU.ActiveCfg = Debug|Any CPU
		{5C8256E9-86F4-49B0-AEFB-2D70E41EE996}.Debug|Any CPU.Build.0 = Debug|Any CPU
		{5C8256E9-86F4-49B0-AEFB-2D70E41EE996}.Release|Any CPU.ActiveCfg = Release|Any CPU
		{5C8256E9-86F4-49B0-AEFB-2D70E41EE996}.Release|Any CPU.Build.0 = Release|Any CPU
		{D64BD318-B856-4C2D-ABF2-96211F02C8FD}.Debug|Any CPU.ActiveCfg = Debug|Any CPU
		{D64BD318-B856-4C2D-ABF2-96211F02C8FD}.Debug|Any CPU.Build.0 = Debug|Any CPU
		{D64BD318-B856-4C2D-ABF2-96211F02C8FD}.Release|Any CPU.ActiveCfg = Release|Any CPU
		{D64BD318-B856-4C2D-ABF2-96211F02C8FD}.Release|Any CPU.Build.0 = Release|Any CPU
	EndGlobalSection
	GlobalSection(SolutionProperties) = preSolution
		HideSolutionNode = FALSE
	EndGlobalSection
	GlobalSection(ExtensibilityGlobals) = postSolution
		SolutionGuid = {8C01B3E5-328B-42CB-9C34-7E338D24B27A}
	EndGlobalSection
EndGlobal
